
Microsoft Visual Studio Solution File, Format Version 12.00
# Visual Studio Version 17
VisualStudioVersion = 17.3.32825.248
MinimumVisualStudioVersion = 10.0.40219.1
Project("{FAE04EC0-301F-11D3-BF4B-00C04F79EFBC}") = "P01.MealPlan", "P01.MealPlan\P01.MealPlan.csproj", "{7EEE5842-4BEC-4002-8089-F2B91BE28C8A}"
EndProject
Project("{FAE04EC0-301F-11D3-BF4B-00C04F79EFBC}") = "P02.TruffleHunter", "P02.TruffleHunter\P02.TruffleHunter.csproj", "{9C38D711-7B2E-446A-AD66-F04D982D5C91}"
EndProject
Project("{FAE04EC0-301F-11D3-BF4B-00C04F79EFBC}") = "P03.Zoo", "P03.Zoo\P03.Zoo.csproj", "{80784D0A-9C06-4F49-9F84-87A8C3515ED6}"
EndProject
Global
	GlobalSection(SolutionConfigurationPlatforms) = preSolution
		Debug|Any CPU = Debug|Any CPU
		Release|Any CPU = Release|Any CPU
	EndGlobalSection
	GlobalSection(ProjectConfigurationPlatforms) = postSolution
		{7EEE5842-4BEC-4002-8089-F2B91BE28C8A}.Debug|Any CPU.ActiveCfg = Debug|Any CPU
		{7EEE5842-4BEC-4002-8089-F2B91BE28C8A}.Debug|Any CPU.Build.0 = Debug|Any CPU
		{7EEE5842-4BEC-4002-8089-F2B91BE28C8A}.Release|Any CPU.ActiveCfg = Release|Any CPU
		{7EEE5842-4BEC-4002-8089-F2B91BE28C8A}.Release|Any CPU.Build.0 = Release|Any CPU
		{9C38D711-7B2E-446A-AD66-F04D982D5C91}.Debug|Any CPU.ActiveCfg = Debug|Any CPU
		{9C38D711-7B2E-446A-AD66-F04D982D5C91}.Debug|Any CPU.Build.0 = Debug|Any CPU
		{9C38D711-7B2E-446A-AD66-F04D982D5C91}.Release|Any CPU.ActiveCfg = Release|Any CPU
		{9C38D711-7B2E-446A-AD66-F04D982D5C91}.Release|Any CPU.Build.0 = Release|Any CPU
		{80784D0A-9C06-4F49-9F84-87A8C3515ED6}.Debug|Any CPU.ActiveCfg = Debug|Any CPU
		{80784D0A-9C06-4F49-9F84-87A8C3515ED6}.Debug|Any CPU.Build.0 = Debug|Any CPU
		{80784D0A-9C06-4F49-9F84-87A8C3515ED6}.Release|Any CPU.ActiveCfg = Release|Any CPU
		{80784D0A-9C06-4F49-9F84-87A8C3515ED6}.Release|Any CPU.Build.0 = Release|Any CPU
	EndGlobalSection
	GlobalSection(SolutionProperties) = preSolution
		HideSolutionNode = FALSE
	EndGlobalSection
	GlobalSection(ExtensibilityGlobals) = postSolution
		SolutionGuid = {48404A70-15E8-4351-B599-94664C5A79B0}
	EndGlobalSection
EndGlobal
