
Microsoft Visual Studio Solution File, Format Version 12.00
# Visual Studio Version 17
VisualStudioVersion = 17.3.32825.248
MinimumVisualStudioVersion = 10.0.40219.1
Project("{FAE04EC0-301F-11D3-BF4B-00C04F79EFBC}") = "P01.Masterchef", "P01.Masterchef\P01.Masterchef.csproj", "{3CC0FFFC-98A1-483B-8CA3-114CED55C9C5}"
EndProject
Project("{FAE04EC0-301F-11D3-BF4B-00C04F79EFBC}") = "P02.Survivor", "P02.Survivor\P02.Survivor.csproj", "{51358C8F-0949-4B1A-96C4-C89E3B96CABB}"
EndProject
Project("{FAE04EC0-301F-11D3-BF4B-00C04F79EFBC}") = "P03.SkiRental", "P03.SkiRental\P03.SkiRental.csproj", "{D3B7AD82-0AAA-4642-AFB8-BB8E6AC231D6}"
EndProject
Global
	GlobalSection(SolutionConfigurationPlatforms) = preSolution
		Debug|Any CPU = Debug|Any CPU
		Release|Any CPU = Release|Any CPU
	EndGlobalSection
	GlobalSection(ProjectConfigurationPlatforms) = postSolution
		{3CC0FFFC-98A1-483B-8CA3-114CED55C9C5}.Debug|Any CPU.ActiveCfg = Debug|Any CPU
		{3CC0FFFC-98A1-483B-8CA3-114CED55C9C5}.Debug|Any CPU.Build.0 = Debug|Any CPU
		{3CC0FFFC-98A1-483B-8CA3-114CED55C9C5}.Release|Any CPU.ActiveCfg = Release|Any CPU
		{3CC0FFFC-98A1-483B-8CA3-114CED55C9C5}.Release|Any CPU.Build.0 = Release|Any CPU
		{51358C8F-0949-4B1A-96C4-C89E3B96CABB}.Debug|Any CPU.ActiveCfg = Debug|Any CPU
		{51358C8F-0949-4B1A-96C4-C89E3B96CABB}.Debug|Any CPU.Build.0 = Debug|Any CPU
		{51358C8F-0949-4B1A-96C4-C89E3B96CABB}.Release|Any CPU.ActiveCfg = Release|Any CPU
		{51358C8F-0949-4B1A-96C4-C89E3B96CABB}.Release|Any CPU.Build.0 = Release|Any CPU
		{D3B7AD82-0AAA-4642-AFB8-BB8E6AC231D6}.Debug|Any CPU.ActiveCfg = Debug|Any CPU
		{D3B7AD82-0AAA-4642-AFB8-BB8E6AC231D6}.Debug|Any CPU.Build.0 = Debug|Any CPU
		{D3B7AD82-0AAA-4642-AFB8-BB8E6AC231D6}.Release|Any CPU.ActiveCfg = Release|Any CPU
		{D3B7AD82-0AAA-4642-AFB8-BB8E6AC231D6}.Release|Any CPU.Build.0 = Release|Any CPU
	EndGlobalSection
	GlobalSection(SolutionProperties) = preSolution
		HideSolutionNode = FALSE
	EndGlobalSection
	GlobalSection(ExtensibilityGlobals) = postSolution
		SolutionGuid = {699E96BB-A339-48B1-83F0-70E6C71D51CE}
	EndGlobalSection
EndGlobal
