
Microsoft Visual Studio Solution File, Format Version 12.00
# Visual Studio Version 17
VisualStudioVersion = 17.3.32825.248
MinimumVisualStudioVersion = 10.0.40219.1
Project("{FAE04EC0-301F-11D3-BF4B-00C04F79EFBC}") = "P01.BirthdayCelebration", "P01.BirthdayCelebration\P01.BirthdayCelebration.csproj", "{D8D83061-CA88-4FE1-AD4E-EE85578F9E04}"
EndProject
Project("{FAE04EC0-301F-11D3-BF4B-00C04F79EFBC}") = "P02.TheBattleOfTheFiveArmies", "P02.TheBattleOfTheFiveArmies\P02.TheBattleOfTheFiveArmies.csproj", "{704C1F74-07D5-47A4-8E3A-6A49BFB4E1D8}"
EndProject
Project("{FAE04EC0-301F-11D3-BF4B-00C04F79EFBC}") = "P03.StreetRacing", "P03.StreetRacing\P03.StreetRacing.csproj", "{32D3A4FC-BB9B-4708-8B17-6F50F8A0C3AB}"
EndProject
Global
	GlobalSection(SolutionConfigurationPlatforms) = preSolution
		Debug|Any CPU = Debug|Any CPU
		Release|Any CPU = Release|Any CPU
	EndGlobalSection
	GlobalSection(ProjectConfigurationPlatforms) = postSolution
		{D8D83061-CA88-4FE1-AD4E-EE85578F9E04}.Debug|Any CPU.ActiveCfg = Debug|Any CPU
		{D8D83061-CA88-4FE1-AD4E-EE85578F9E04}.Debug|Any CPU.Build.0 = Debug|Any CPU
		{D8D83061-CA88-4FE1-AD4E-EE85578F9E04}.Release|Any CPU.ActiveCfg = Release|Any CPU
		{D8D83061-CA88-4FE1-AD4E-EE85578F9E04}.Release|Any CPU.Build.0 = Release|Any CPU
		{704C1F74-07D5-47A4-8E3A-6A49BFB4E1D8}.Debug|Any CPU.ActiveCfg = Debug|Any CPU
		{704C1F74-07D5-47A4-8E3A-6A49BFB4E1D8}.Debug|Any CPU.Build.0 = Debug|Any CPU
		{704C1F74-07D5-47A4-8E3A-6A49BFB4E1D8}.Release|Any CPU.ActiveCfg = Release|Any CPU
		{704C1F74-07D5-47A4-8E3A-6A49BFB4E1D8}.Release|Any CPU.Build.0 = Release|Any CPU
		{32D3A4FC-BB9B-4708-8B17-6F50F8A0C3AB}.Debug|Any CPU.ActiveCfg = Debug|Any CPU
		{32D3A4FC-BB9B-4708-8B17-6F50F8A0C3AB}.Debug|Any CPU.Build.0 = Debug|Any CPU
		{32D3A4FC-BB9B-4708-8B17-6F50F8A0C3AB}.Release|Any CPU.ActiveCfg = Release|Any CPU
		{32D3A4FC-BB9B-4708-8B17-6F50F8A0C3AB}.Release|Any CPU.Build.0 = Release|Any CPU
	EndGlobalSection
	GlobalSection(SolutionProperties) = preSolution
		HideSolutionNode = FALSE
	EndGlobalSection
	GlobalSection(ExtensibilityGlobals) = postSolution
		SolutionGuid = {963F603F-8C86-4F60-91C6-9903BCD4D9A1}
	EndGlobalSection
EndGlobal
