
Microsoft Visual Studio Solution File, Format Version 12.00
# Visual Studio Version 17
VisualStudioVersion = 17.3.32825.248
MinimumVisualStudioVersion = 10.0.40219.1
Project("{FAE04EC0-301F-11D3-BF4B-00C04F79EFBC}") = "P01.Lootbox", "P01.Lootbox\P01.Lootbox.csproj", "{8D8ABA18-847C-4E72-9344-C36F1BD358C3}"
EndProject
Project("{FAE04EC0-301F-11D3-BF4B-00C04F79EFBC}") = "P02.Re-Volt", "P02.Re-Volt\P02.Re-Volt.csproj", "{990F08FB-8138-4C8C-B4A1-ED3171244019}"
EndProject
Project("{FAE04EC0-301F-11D3-BF4B-00C04F79EFBC}") = "P03.Guild", "P03.Guild\P03.Guild.csproj", "{819124AD-3D51-45F2-98EF-7882D828A951}"
EndProject
Global
	GlobalSection(SolutionConfigurationPlatforms) = preSolution
		Debug|Any CPU = Debug|Any CPU
		Release|Any CPU = Release|Any CPU
	EndGlobalSection
	GlobalSection(ProjectConfigurationPlatforms) = postSolution
		{8D8ABA18-847C-4E72-9344-C36F1BD358C3}.Debug|Any CPU.ActiveCfg = Debug|Any CPU
		{8D8ABA18-847C-4E72-9344-C36F1BD358C3}.Debug|Any CPU.Build.0 = Debug|Any CPU
		{8D8ABA18-847C-4E72-9344-C36F1BD358C3}.Release|Any CPU.ActiveCfg = Release|Any CPU
		{8D8ABA18-847C-4E72-9344-C36F1BD358C3}.Release|Any CPU.Build.0 = Release|Any CPU
		{990F08FB-8138-4C8C-B4A1-ED3171244019}.Debug|Any CPU.ActiveCfg = Debug|Any CPU
		{990F08FB-8138-4C8C-B4A1-ED3171244019}.Debug|Any CPU.Build.0 = Debug|Any CPU
		{990F08FB-8138-4C8C-B4A1-ED3171244019}.Release|Any CPU.ActiveCfg = Release|Any CPU
		{990F08FB-8138-4C8C-B4A1-ED3171244019}.Release|Any CPU.Build.0 = Release|Any CPU
		{819124AD-3D51-45F2-98EF-7882D828A951}.Debug|Any CPU.ActiveCfg = Debug|Any CPU
		{819124AD-3D51-45F2-98EF-7882D828A951}.Debug|Any CPU.Build.0 = Debug|Any CPU
		{819124AD-3D51-45F2-98EF-7882D828A951}.Release|Any CPU.ActiveCfg = Release|Any CPU
		{819124AD-3D51-45F2-98EF-7882D828A951}.Release|Any CPU.Build.0 = Release|Any CPU
	EndGlobalSection
	GlobalSection(SolutionProperties) = preSolution
		HideSolutionNode = FALSE
	EndGlobalSection
	GlobalSection(ExtensibilityGlobals) = postSolution
		SolutionGuid = {552727B1-652D-49FC-9B85-C3EF03382AAB}
	EndGlobalSection
EndGlobal
